
Microsoft Visual Studio Solution File, Format Version 12.00
# Visual Studio 15
VisualStudioVersion = 15.0.26730.10
MinimumVisualStudioVersion = 10.0.40219.1
Project("{8BC9CEB8-8B4A-11D0-8D11-00A0C91BC942}") = "Problem06", "Problem06\Problem06.vcxproj", "{6CD8E02A-CC21-4DC4-BC0E-CD32B9EE19DA}"
EndProject
Global
	GlobalSection(SolutionConfigurationPlatforms) = preSolution
		Debug|x64 = Debug|x64
		Debug|x86 = Debug|x86
		Release|x64 = Release|x64
		Release|x86 = Release|x86
	EndGlobalSection
	GlobalSection(ProjectConfigurationPlatforms) = postSolution
		{6CD8E02A-CC21-4DC4-BC0E-CD32B9EE19DA}.Debug|x64.ActiveCfg = Debug|x64
		{6CD8E02A-CC21-4DC4-BC0E-CD32B9EE19DA}.Debug|x64.Build.0 = Debug|x64
		{6CD8E02A-CC21-4DC4-BC0E-CD32B9EE19DA}.Debug|x86.ActiveCfg = Debug|Win32
		{6CD8E02A-CC21-4DC4-BC0E-CD32B9EE19DA}.Debug|x86.Build.0 = Debug|Win32
		{6CD8E02A-CC21-4DC4-BC0E-CD32B9EE19DA}.Release|x64.ActiveCfg = Release|x64
		{6CD8E02A-CC21-4DC4-BC0E-CD32B9EE19DA}.Release|x64.Build.0 = Release|x64
		{6CD8E02A-CC21-4DC4-BC0E-CD32B9EE19DA}.Release|x86.ActiveCfg = Release|Win32
		{6CD8E02A-CC21-4DC4-BC0E-CD32B9EE19DA}.Release|x86.Build.0 = Release|Win32
	EndGlobalSection
	GlobalSection(SolutionProperties) = preSolution
		HideSolutionNode = FALSE
	EndGlobalSection
	GlobalSection(ExtensibilityGlobals) = postSolution
		SolutionGuid = {C439C6D2-EAC7-4FCF-85C0-FB62D394861F}
	EndGlobalSection
EndGlobal
