
Microsoft Visual Studio Solution File, Format Version 12.00
# Visual Studio 15
VisualStudioVersion = 15.0.26730.10
MinimumVisualStudioVersion = 10.0.40219.1
Project("{8BC9CEB8-8B4A-11D0-8D11-00A0C91BC942}") = "Problem08", "Problem08\Problem08.vcxproj", "{A4C707CC-B7BF-4F57-8BD1-153A741137F6}"
EndProject
Global
	GlobalSection(SolutionConfigurationPlatforms) = preSolution
		Debug|x64 = Debug|x64
		Debug|x86 = Debug|x86
		Release|x64 = Release|x64
		Release|x86 = Release|x86
	EndGlobalSection
	GlobalSection(ProjectConfigurationPlatforms) = postSolution
		{A4C707CC-B7BF-4F57-8BD1-153A741137F6}.Debug|x64.ActiveCfg = Debug|x64
		{A4C707CC-B7BF-4F57-8BD1-153A741137F6}.Debug|x64.Build.0 = Debug|x64
		{A4C707CC-B7BF-4F57-8BD1-153A741137F6}.Debug|x86.ActiveCfg = Debug|Win32
		{A4C707CC-B7BF-4F57-8BD1-153A741137F6}.Debug|x86.Build.0 = Debug|Win32
		{A4C707CC-B7BF-4F57-8BD1-153A741137F6}.Release|x64.ActiveCfg = Release|x64
		{A4C707CC-B7BF-4F57-8BD1-153A741137F6}.Release|x64.Build.0 = Release|x64
		{A4C707CC-B7BF-4F57-8BD1-153A741137F6}.Release|x86.ActiveCfg = Release|Win32
		{A4C707CC-B7BF-4F57-8BD1-153A741137F6}.Release|x86.Build.0 = Release|Win32
	EndGlobalSection
	GlobalSection(SolutionProperties) = preSolution
		HideSolutionNode = FALSE
	EndGlobalSection
	GlobalSection(ExtensibilityGlobals) = postSolution
		SolutionGuid = {F969A1AE-C43E-41BD-A4E2-67DE9B939659}
	EndGlobalSection
EndGlobal
